
Microsoft Visual Studio Solution File, Format Version 12.00
# Visual Studio Version 17
VisualStudioVersion = 17.1.32319.34
MinimumVisualStudioVersion = 10.0.40219.1
Project("{FAE04EC0-301F-11D3-BF4B-00C04F79EFBC}") = "QuartzWorkerService", "QuartzWorkerService\QuartzWorkerService.csproj", "{19ACC992-94D5-4297-9152-506292636624}"
EndProject
Global
	GlobalSection(SolutionConfigurationPlatforms) = preSolution
		Debug|Any CPU = Debug|Any CPU
		Release|Any CPU = Release|Any CPU
	EndGlobalSection
	GlobalSection(ProjectConfigurationPlatforms) = postSolution
		{19ACC992-94D5-4297-9152-506292636624}.Debug|Any CPU.ActiveCfg = Debug|Any CPU
		{19ACC992-94D5-4297-9152-506292636624}.Debug|Any CPU.Build.0 = Debug|Any CPU
		{19ACC992-94D5-4297-9152-506292636624}.Release|Any CPU.ActiveCfg = Release|Any CPU
		{19ACC992-94D5-4297-9152-506292636624}.Release|Any CPU.Build.0 = Release|Any CPU
	EndGlobalSection
	GlobalSection(SolutionProperties) = preSolution
		HideSolutionNode = FALSE
	EndGlobalSection
	GlobalSection(ExtensibilityGlobals) = postSolution
		SolutionGuid = {5E54DE1A-CA98-4005-8E6F-B8776101FDF9}
	EndGlobalSection
EndGlobal
